// !$*UTF8*$!
{
	archiveVersion = 1;
	classes = {
	};
	objectVersion = 46;
	objects = {

/* Begin PBXBuildFile section */
		D46CC09A1F475ECC0029DA9A /* AppDelegate.swift in Sources */ = {isa = PBXBuildFile; fileRef = D46CC0991F475ECC0029DA9A /* AppDelegate.swift */; };
		D46CC09C1F475ECC0029DA9A /* ViewController.swift in Sources */ = {isa = PBXBuildFile; fileRef = D46CC09B1F475ECC0029DA9A /* ViewController.swift */; };
		D46CC09F1F475ECC0029DA9A /* Main.storyboard in Resources */ = {isa = PBXBuildFile; fileRef = D46CC09D1F475ECC0029DA9A /* Main.storyboard */; };
		D46CC0A11F475ECC0029DA9A /* Assets.xcassets in Resources */ = {isa = PBXBuildFile; fileRef = D46CC0A01F475ECC0029DA9A /* Assets.xcassets */; };
		D46CC0A41F475ECC0029DA9A /* LaunchScreen.storyboard in Resources */ = {isa = PBXBuildFile; fileRef = D46CC0A21F475ECC0029DA9A /* LaunchScreen.storyboard */; };
		D46CC0AF1F475ECC0029DA9A /* App5WebViewTests.swift in Sources */ = {isa = PBXBuildFile; fileRef = D46CC0AE1F475ECC0029DA9A /* App5WebViewTests.swift */; };
		D46CC0BA1F475ECC0029DA9A /* App5WebViewUITests.swift in Sources */ = {isa = PBXBuildFile; fileRef = D46CC0B91F475ECC0029DA9A /* App5WebViewUITests.swift */; };
/* End PBXBuildFile section */

/* Begin PBXContainerItemProxy section */
		D46CC0AB1F475ECC0029DA9A /* PBXContainerItemProxy */ = {
			isa = PBXContainerItemProxy;
			containerPortal = D46CC08E1F475ECC0029DA9A /* Project object */;
			proxyType = 1;
			remoteGlobalIDString = D46CC0951F475ECC0029DA9A;
			remoteInfo = App5WebView;
		};
		D46CC0B61F475ECC0029DA9A /* PBXContainerItemProxy */ = {
			isa = PBXContainerItemProxy;
			containerPortal = D46CC08E1F475ECC0029DA9A /* Project object */;
			proxyType = 1;
			remoteGlobalIDString = D46CC0951F475ECC0029DA9A;
			remoteInfo = App5WebView;
		};
/* End PBXContainerItemProxy section */

/* Begin PBXFileReference section */
		D46CC0961F475ECC0029DA9A /* App5WebView.app */ = {isa = PBXFileReference; explicitFileType = wrapper.application; includeInIndex = 0; path = App5WebView.app; sourceTree = BUILT_PRODUCTS_DIR; };
		D46CC0991F475ECC0029DA9A /* AppDelegate.swift */ = {isa = PBXFileReference; lastKnownFileType = sourcecode.swift; path = AppDelegate.swift; sourceTree = "<group>"; };
		D46CC09B1F475ECC0029DA9A /* ViewController.swift */ = {isa = PBXFileReference; lastKnownFileType = sourcecode.swift; path = ViewController.swift; sourceTree = "<group>"; };
		D46CC09E1F475ECC0029DA9A /* Base */ = {isa = PBXFileReference; lastKnownFileType = file.storyboard; name = Base; path = Base.lproj/Main.storyboard; sourceTree = "<group>"; };
		D46CC0A01F475ECC0029DA9A /* Assets.xcassets */ = {isa = PBXFileReference; lastKnownFileType = folder.assetcatalog; path = Assets.xcassets; sourceTree = "<group>"; };
		D46CC0A31F475ECC0029DA9A /* Base */ = {isa = PBXFileReference; lastKnownFileType = file.storyboard; name = Base; path = Base.lproj/LaunchScreen.storyboard; sourceTree = "<group>"; };
		D46CC0A51F475ECC0029DA9A /* Info.plist */ = {isa = PBXFileReference; lastKnownFileType = text.plist.xml; path = Info.plist; sourceTree = "<group>"; };
		D46CC0AA1F475ECC0029DA9A /* App5WebViewTests.xctest */ = {isa = PBXFileReference; explicitFileType = wrapper.cfbundle; includeInIndex = 0; path = App5WebViewTests.xctest; sourceTree = BUILT_PRODUCTS_DIR; };
		D46CC0AE1F475ECC0029DA9A /* App5WebViewTests.swift */ = {isa = PBXFileReference; lastKnownFileType = sourcecode.swift; path = App5WebViewTests.swift; sourceTree = "<group>"; };
		D46CC0B01F475ECC0029DA9A /* Info.plist */ = {isa = PBXFileReference; lastKnownFileType = text.plist.xml; path = Info.plist; sourceTree = "<group>"; };
		D46CC0B51F475ECC0029DA9A /* App5WebViewUITests.xctest */ = {isa = PBXFileReference; explicitFileType = wrapper.cfbundle; includeInIndex = 0; path = App5WebViewUITests.xctest; sourceTree = BUILT_PRODUCTS_DIR; };
		D46CC0B91F475ECC0029DA9A /* App5WebViewUITests.swift */ = {isa = PBXFileReference; lastKnownFileType = sourcecode.swift; path = App5WebViewUITests.swift; sourceTree = "<group>"; };
		D46CC0BB1F475ECC0029DA9A /* Info.plist */ = {isa = PBXFileReference; lastKnownFileType = text.plist.xml; path = Info.plist; sourceTree = "<group>"; };
/* End PBXFileReference section */

/* Begin PBXFrameworksBuildPhase section */
		D46CC0931F475ECC0029DA9A /* Frameworks */ = {
			isa = PBXFrameworksBuildPhase;
			buildActionMask = 2147483647;
			files = (
			);
			runOnlyForDeploymentPostprocessing = 0;
		};
		D46CC0A71F475ECC0029DA9A /* Frameworks */ = {
			isa = PBXFrameworksBuildPhase;
			buildActionMask = 2147483647;
			files = (
			);
			runOnlyForDeploymentPostprocessing = 0;
		};
		D46CC0B21F475ECC0029DA9A /* Frameworks */ = {
			isa = PBXFrameworksBuildPhase;
			buildActionMask = 2147483647;
			files = (
			);
			runOnlyForDeploymentPostprocessing = 0;
		};
/* End PBXFrameworksBuildPhase section */

/* Begin PBXGroup section */
		D46CC08D1F475ECC0029DA9A = {
			isa = PBXGroup;
			children = (
				D46CC0981F475ECC0029DA9A /* App5WebView */,
				D46CC0AD1F475ECC0029DA9A /* App5WebViewTests */,
				D46CC0B81F475ECC0029DA9A /* App5WebViewUITests */,
				D46CC0971F475ECC0029DA9A /* Products */,
			);
			sourceTree = "<group>";
		};
		D46CC0971F475ECC0029DA9A /* Products */ = {
			isa = PBXGroup;
			children = (
				D46CC0961F475ECC0029DA9A /* App5WebView.app */,
				D46CC0AA1F475ECC0029DA9A /* App5WebViewTests.xctest */,
				D46CC0B51F475ECC0029DA9A /* App5WebViewUITests.xctest */,
			);
			name = Products;
			sourceTree = "<group>";
		};
		D46CC0981F475ECC0029DA9A /* App5WebView */ = {
			isa = PBXGroup;
			children = (
				D46CC0991F475ECC0029DA9A /* AppDelegate.swift */,
				D46CC09B1F475ECC0029DA9A /* ViewController.swift */,
				D46CC09D1F475ECC0029DA9A /* Main.storyboard */,
				D46CC0A01F475ECC0029DA9A /* Assets.xcassets */,
				D46CC0A21F475ECC0029DA9A /* LaunchScreen.storyboard */,
				D46CC0A51F475ECC0029DA9A /* Info.plist */,
			);
			path = App5WebView;
			sourceTree = "<group>";
		};
		D46CC0AD1F475ECC0029DA9A /* App5WebViewTests */ = {
			isa = PBXGroup;
			children = (
				D46CC0AE1F475ECC0029DA9A /* App5WebViewTests.swift */,
				D46CC0B01F475ECC0029DA9A /* Info.plist */,
			);
			path = App5WebViewTests;
			sourceTree = "<group>";
		};
		D46CC0B81F475ECC0029DA9A /* App5WebViewUITests */ = {
			isa = PBXGroup;
			children = (
				D46CC0B91F475ECC0029DA9A /* App5WebViewUITests.swift */,
				D46CC0BB1F475ECC0029DA9A /* Info.plist */,
			);
			path = App5WebViewUITests;
			sourceTree = "<group>";
		};
/* End PBXGroup section */

/* Begin PBXNativeTarget section */
		D46CC0951F475ECC0029DA9A /* App5WebView */ = {
			isa = PBXNativeTarget;
			buildConfigurationList = D46CC0BE1F475ECC0029DA9A /* Build configuration list for PBXNativeTarget "App5WebView" */;
			buildPhases = (
				D46CC0921F475ECC0029DA9A /* Sources */,
				D46CC0931F475ECC0029DA9A /* Frameworks */,
				D46CC0941F475ECC0029DA9A /* Resources */,
			);
			buildRules = (
			);
			dependencies = (
			);
			name = App5WebView;
			productName = App5WebView;
			productReference = D46CC0961F475ECC0029DA9A /* App5WebView.app */;
			productType = "com.apple.product-type.application";
		};
		D46CC0A91F475ECC0029DA9A /* App5WebViewTests */ = {
			isa = PBXNativeTarget;
			buildConfigurationList = D46CC0C11F475ECC0029DA9A /* Build configuration list for PBXNativeTarget "App5WebViewTests" */;
			buildPhases = (
				D46CC0A61F475ECC0029DA9A /* Sources */,
				D46CC0A71F475ECC0029DA9A /* Frameworks */,
				D46CC0A81F475ECC0029DA9A /* Resources */,
			);
			buildRules = (
			);
			dependencies = (
				D46CC0AC1F475ECC0029DA9A /* PBXTargetDependency */,
			);
			name = App5WebViewTests;
			productName = App5WebViewTests;
			productReference = D46CC0AA1F475ECC0029DA9A /* App5WebViewTests.xctest */;
			productType = "com.apple.product-type.bundle.unit-test";
		};
		D46CC0B41F475ECC0029DA9A /* App5WebViewUITests */ = {
			isa = PBXNativeTarget;
			buildConfigurationList = D46CC0C41F475ECC0029DA9A /* Build configuration list for PBXNativeTarget "App5WebViewUITests" */;
			buildPhases = (
				D46CC0B11F475ECC0029DA9A /* Sources */,
				D46CC0B21F475ECC0029DA9A /* Frameworks */,
				D46CC0B31F475ECC0029DA9A /* Resources */,
			);
			buildRules = (
			);
			dependencies = (
				D46CC0B71F475ECC0029DA9A /* PBXTargetDependency */,
			);
			name = App5WebViewUITests;
			productName = App5WebViewUITests;
			productReference = D46CC0B51F475ECC0029DA9A /* App5WebViewUITests.xctest */;
			productType = "com.apple.product-type.bundle.ui-testing";
		};
/* End PBXNativeTarget section */

/* Begin PBXProject section */
		D46CC08E1F475ECC0029DA9A /* Project object */ = {
			isa = PBXProject;
			attributes = {
				LastSwiftUpdateCheck = 0830;
				LastUpgradeCheck = 0830;
				ORGANIZATIONNAME = Caliente;
				TargetAttributes = {
					D46CC0951F475ECC0029DA9A = {
						CreatedOnToolsVersion = 8.3.3;
						DevelopmentTeam = 2DQNY384WX;
						ProvisioningStyle = Automatic;
					};
					D46CC0A91F475ECC0029DA9A = {
						CreatedOnToolsVersion = 8.3.3;
						DevelopmentTeam = 2DQNY384WX;
						ProvisioningStyle = Automatic;
						TestTargetID = D46CC0951F475ECC0029DA9A;
					};
					D46CC0B41F475ECC0029DA9A = {
						CreatedOnToolsVersion = 8.3.3;
						DevelopmentTeam = 2DQNY384WX;
						ProvisioningStyle = Automatic;
						TestTargetID = D46CC0951F475ECC0029DA9A;
					};
				};
			};
			buildConfigurationList = D46CC0911F475ECC0029DA9A /* Build configuration list for PBXProject "App5WebView" */;
			compatibilityVersion = "Xcode 3.2";
			developmentRegion = English;
			hasScannedForEncodings = 0;
			knownRegions = (
				en,
				Base,
			);
			mainGroup = D46CC08D1F475ECC0029DA9A;
			productRefGroup = D46CC0971F475ECC0029DA9A /* Products */;
			projectDirPath = "";
			projectRoot = "";
			targets = (
				D46CC0951F475ECC0029DA9A /* App5WebView */,
				D46CC0A91F475ECC0029DA9A /* App5WebViewTests */,
				D46CC0B41F475ECC0029DA9A /* App5WebViewUITests */,
			);
		};
/* End PBXProject section */

/* Begin PBXResourcesBuildPhase section */
		D46CC0941F475ECC0029DA9A /* Resources */ = {
			isa = PBXResourcesBuildPhase;
			buildActionMask = 2147483647;
			files = (
				D46CC0A41F475ECC0029DA9A /* LaunchScreen.storyboard in Resources */,
				D46CC0A11F475ECC0029DA9A /* Assets.xcassets in Resources */,
				D46CC09F1F475ECC0029DA9A /* Main.storyboard in Resources */,
			);
			runOnlyForDeploymentPostprocessing = 0;
		};
		D46CC0A81F475ECC0029DA9A /* Resources */ = {
			isa = PBXResourcesBuildPhase;
			buildActionMask = 2147483647;
			files = (
			);
			runOnlyForDeploymentPostprocessing = 0;
		};
		D46CC0B31F475ECC0029DA9A /* Resources */ = {
			isa = PBXResourcesBuildPhase;
			buildActionMask = 2147483647;
			files = (
			);
			runOnlyForDeploymentPostprocessing = 0;
		};
/* End PBXResourcesBuildPhase section */

/* Begin PBXSourcesBuildPhase section */
		D46CC0921F475ECC0029DA9A /* Sources */ = {
			isa = PBXSourcesBuildPhase;
			buildActionMask = 2147483647;
			files = (
				D46CC09C1F475ECC0029DA9A /* ViewController.swift in Sources */,
				D46CC09A1F475ECC0029DA9A /* AppDelegate.swift in Sources */,
			);
			runOnlyForDeploymentPostprocessing = 0;
		};
		D46CC0A61F475ECC0029DA9A /* Sources */ = {
			isa = PBXSourcesBuildPhase;
			buildActionMask = 2147483647;
			files = (
				D46CC0AF1F475ECC0029DA9A /* App5WebViewTests.swift in Sources */,
			);
			runOnlyForDeploymentPostprocessing = 0;
		};
		D46CC0B11F475ECC0029DA9A /* Sources */ = {
			isa = PBXSourcesBuildPhase;
			buildActionMask = 2147483647;
			files = (
				D46CC0BA1F475ECC0029DA9A /* App5WebViewUITests.swift in Sources */,
			);
			runOnlyForDeploymentPostprocessing = 0;
		};
/* End PBXSourcesBuildPhase section */

/* Begin PBXTargetDependency section */
		D46CC0AC1F475ECC0029DA9A /* PBXTargetDependency */ = {
			isa = PBXTargetDependency;
			target = D46CC0951F475ECC0029DA9A /* App5WebView */;
			targetProxy = D46CC0AB1F475ECC0029DA9A /* PBXContainerItemProxy */;
		};
		D46CC0B71F475ECC0029DA9A /* PBXTargetDependency */ = {
			isa = PBXTargetDependency;
			target = D46CC0951F475ECC0029DA9A /* App5WebView */;
			targetProxy = D46CC0B61F475ECC0029DA9A /* PBXContainerItemProxy */;
		};
/* End PBXTargetDependency section */

/* Begin PBXVariantGroup section */
		D46CC09D1F475ECC0029DA9A /* Main.storyboard */ = {
			isa = PBXVariantGroup;
			children = (
				D46CC09E1F475ECC0029DA9A /* Base */,
			);
			name = Main.storyboard;
			sourceTree = "<group>";
		};
		D46CC0A21F475ECC0029DA9A /* LaunchScreen.storyboard */ = {
			isa = PBXVariantGroup;
			children = (
				D46CC0A31F475ECC0029DA9A /* Base */,
			);
			name = LaunchScreen.storyboard;
			sourceTree = "<group>";
		};
/* End PBXVariantGroup section */

/* Begin XCBuildConfiguration section */
		D46CC0BC1F475ECC0029DA9A /* Debug */ = {
			isa = XCBuildConfiguration;
			buildSettings = {
				ALWAYS_SEARCH_USER_PATHS = NO;
				CLANG_ANALYZER_NONNULL = YES;
				CLANG_ANALYZER_NUMBER_OBJECT_CONVERSION = YES_AGGRESSIVE;
				CLANG_CXX_LANGUAGE_STANDARD = "gnu++0x";
				CLANG_CXX_LIBRARY = "libc++";
				CLANG_ENABLE_MODULES = YES;
				CLANG_ENABLE_OBJC_ARC = YES;
				CLANG_WARN_BOOL_CONVERSION = YES;
				CLANG_WARN_CONSTANT_CONVERSION = YES;
				CLANG_WARN_DIRECT_OBJC_ISA_USAGE = YES_ERROR;
				CLANG_WARN_DOCUMENTATION_COMMENTS = YES;
				CLANG_WARN_EMPTY_BODY = YES;
				CLANG_WARN_ENUM_CONVERSION = YES;
				CLANG_WARN_INFINITE_RECURSION = YES;
				CLANG_WARN_INT_CONVERSION = YES;
				CLANG_WARN_OBJC_ROOT_CLASS = YES_ERROR;
				CLANG_WARN_SUSPICIOUS_MOVE = YES;
				CLANG_WARN_UNREACHABLE_CODE = YES;
				CLANG_WARN__DUPLICATE_METHOD_MATCH = YES;
				"CODE_SIGN_IDENTITY[sdk=iphoneos*]" = "iPhone Developer";
				COPY_PHASE_STRIP = NO;
				DEBUG_INFORMATION_FORMAT = dwarf;
				ENABLE_STRICT_OBJC_MSGSEND = YES;
				ENABLE_TESTABILITY = YES;
				GCC_C_LANGUAGE_STANDARD = gnu99;
				GCC_DYNAMIC_NO_PIC = NO;
				GCC_NO_COMMON_BLOCKS = YES;
				GCC_OPTIMIZATION_LEVEL = 0;
				GCC_PREPROCESSOR_DEFINITIONS = (
					"DEBUG=1",
					"$(inherited)",
				);
				GCC_WARN_64_TO_32_BIT_CONVERSION = YES;
				GCC_WARN_ABOUT_RETURN_TYPE = YES_ERROR;
				GCC_WARN_UNDECLARED_SELECTOR = YES;
				GCC_WARN_UNINITIALIZED_AUTOS = YES_AGGRESSIVE;
				GCC_WARN_UNUSED_FUNCTION = YES;
				GCC_WARN_UNUSED_VARIABLE = YES;
				IPHONEOS_DEPLOYMENT_TARGET = 10.3;
				MTL_ENABLE_DEBUG_INFO = YES;
				ONLY_ACTIVE_ARCH = YES;
				SDKROOT = iphoneos;
				SWIFT_ACTIVE_COMPILATION_CONDITIONS = DEBUG;
				SWIFT_OPTIMIZATION_LEVEL = "-Onone";
				TARGETED_DEVICE_FAMILY = "1,2";
			};
			name = Debug;
		};
		D46CC0BD1F475ECC0029DA9A /* Release */ = {
			isa = XCBuildConfiguration;
			buildSettings = {
				ALWAYS_SEARCH_USER_PATHS = NO;
				CLANG_ANALYZER_NONNULL = YES;
				CLANG_ANALYZER_NUMBER_OBJECT_CONVERSION = YES_AGGRESSIVE;
				CLANG_CXX_LANGUAGE_STANDARD = "gnu++0x";
				CLANG_CXX_LIBRARY = "libc++";
				CLANG_ENABLE_MODULES = YES;
				CLANG_ENABLE_OBJC_ARC = YES;
				CLANG_WARN_BOOL_CONVERSION = YES;
				CLANG_WARN_CONSTANT_CONVERSION = YES;
				CLANG_WARN_DIRECT_OBJC_ISA_USAGE = YES_ERROR;
				CLANG_WARN_DOCUMENTATION_COMMENTS = YES;
				CLANG_WARN_EMPTY_BODY = YES;
				CLANG_WARN_ENUM_CONVERSION = YES;
				CLANG_WARN_INFINITE_RECURSION = YES;
				CLANG_WARN_INT_CONVERSION = YES;
				CLANG_WARN_OBJC_ROOT_CLASS = YES_ERROR;
				CLANG_WARN_SUSPICIOUS_MOVE = YES;
				CLANG_WARN_UNREACHABLE_CODE = YES;
				CLANG_WARN__DUPLICATE_METHOD_MATCH = YES;
				"CODE_SIGN_IDENTITY[sdk=iphoneos*]" = "iPhone Developer";
				COPY_PHASE_STRIP = NO;
				DEBUG_INFORMATION_FORMAT = "dwarf-with-dsym";
				ENABLE_NS_ASSERTIONS = NO;
				ENABLE_STRICT_OBJC_MSGSEND = YES;
				GCC_C_LANGUAGE_STANDARD = gnu99;
				GCC_NO_COMMON_BLOCKS = YES;
				GCC_WARN_64_TO_32_BIT_CONVERSION = YES;
				GCC_WARN_ABOUT_RETURN_TYPE = YES_ERROR;
				GCC_WARN_UNDECLARED_SELECTOR = YES;
				GCC_WARN_UNINITIALIZED_AUTOS = YES_AGGRESSIVE;
				GCC_WARN_UNUSED_FUNCTION = YES;
				GCC_WARN_UNUSED_VARIABLE = YES;
				IPHONEOS_DEPLOYMENT_TARGET = 10.3;
				MTL_ENABLE_DEBUG_INFO = NO;
				SDKROOT = iphoneos;
				SWIFT_OPTIMIZATION_LEVEL = "-Owholemodule";
				TARGETED_DEVICE_FAMILY = "1,2";
				VALIDATE_PRODUCT = YES;
			};
			name = Release;
		};
		D46CC0BF1F475ECC0029DA9A /* Debug */ = {
			isa = XCBuildConfiguration;
			buildSettings = {
				ASSETCATALOG_COMPILER_APPICON_NAME = AppIcon;
				DEVELOPMENT_TEAM = 2DQNY384WX;
				INFOPLIST_FILE = App5WebView/Info.plist;
				LD_RUNPATH_SEARCH_PATHS = "$(inherited) @executable_path/Frameworks";
				PRODUCT_BUNDLE_IDENTIFIER = Caliente.App5WebView;
				PRODUCT_NAME = "$(TARGET_NAME)";
				SWIFT_VERSION = 3.0;
			};
			name = Debug;
		};
		D46CC0C01F475ECC0029DA9A /* Release */ = {
			isa = XCBuildConfiguration;
			buildSettings = {
				ASSETCATALOG_COMPILER_APPICON_NAME = AppIcon;
				DEVELOPMENT_TEAM = 2DQNY384WX;
				INFOPLIST_FILE = App5WebView/Info.plist;
				LD_RUNPATH_SEARCH_PATHS = "$(inherited) @executable_path/Frameworks";
				PRODUCT_BUNDLE_IDENTIFIER = Caliente.App5WebView;
				PRODUCT_NAME = "$(TARGET_NAME)";
				SWIFT_VERSION = 3.0;
			};
			name = Release;
		};
		D46CC0C21F475ECC0029DA9A /* Debug */ = {
			isa = XCBuildConfiguration;
			buildSettings = {
				ALWAYS_EMBED_SWIFT_STANDARD_LIBRARIES = YES;
				BUNDLE_LOADER = "$(TEST_HOST)";
				DEVELOPMENT_TEAM = 2DQNY384WX;
				INFOPLIST_FILE = App5WebViewTests/Info.plist;
				LD_RUNPATH_SEARCH_PATHS = "$(inherited) @executable_path/Frameworks @loader_path/Frameworks";
				PRODUCT_BUNDLE_IDENTIFIER = Caliente.App5WebViewTests;
				PRODUCT_NAME = "$(TARGET_NAME)";
				SWIFT_VERSION = 3.0;
				TEST_HOST = "$(BUILT_PRODUCTS_DIR)/App5WebView.app/App5WebView";
			};
			name = Debug;
		};
		D46CC0C31F475ECC0029DA9A /* Release */ = {
			isa = XCBuildConfiguration;
			buildSettings = {
				ALWAYS_EMBED_SWIFT_STANDARD_LIBRARIES = YES;
				BUNDLE_LOADER = "$(TEST_HOST)";
				DEVELOPMENT_TEAM = 2DQNY384WX;
				INFOPLIST_FILE = App5WebViewTests/Info.plist;
				LD_RUNPATH_SEARCH_PATHS = "$(inherited) @executable_path/Frameworks @loader_path/Frameworks";
				PRODUCT_BUNDLE_IDENTIFIER = Caliente.App5WebViewTests;
				PRODUCT_NAME = "$(TARGET_NAME)";
				SWIFT_VERSION = 3.0;
				TEST_HOST = "$(BUILT_PRODUCTS_DIR)/App5WebView.app/App5WebView";
			};
			name = Release;
		};
		D46CC0C51F475ECC0029DA9A /* Debug */ = {
			isa = XCBuildConfiguration;
			buildSettings = {
				ALWAYS_EMBED_SWIFT_STANDARD_LIBRARIES = YES;
				DEVELOPMENT_TEAM = 2DQNY384WX;
				INFOPLIST_FILE = App5WebViewUITests/Info.plist;
				LD_RUNPATH_SEARCH_PATHS = "$(inherited) @executable_path/Frameworks @loader_path/Frameworks";
				PRODUCT_BUNDLE_IDENTIFIER = Caliente.App5WebViewUITests;
				PRODUCT_NAME = "$(TARGET_NAME)";
				SWIFT_VERSION = 3.0;
				TEST_TARGET_NAME = App5WebView;
			};
			name = Debug;
		};
		D46CC0C61F475ECC0029DA9A /* Release */ = {
			isa = XCBuildConfiguration;
			buildSettings = {
				ALWAYS_EMBED_SWIFT_STANDARD_LIBRARIES = YES;
				DEVELOPMENT_TEAM = 2DQNY384WX;
				INFOPLIST_FILE = App5WebViewUITests/Info.plist;
				LD_RUNPATH_SEARCH_PATHS = "$(inherited) @executable_path/Frameworks @loader_path/Frameworks";
				PRODUCT_BUNDLE_IDENTIFIER = Caliente.App5WebViewUITests;
				PRODUCT_NAME = "$(TARGET_NAME)";
				SWIFT_VERSION = 3.0;
				TEST_TARGET_NAME = App5WebView;
			};
			name = Release;
		};
/* End XCBuildConfiguration section */

/* Begin XCConfigurationList section */
		D46CC0911F475ECC0029DA9A /* Build configuration list for PBXProject "App5WebView" */ = {
			isa = XCConfigurationList;
			buildConfigurations = (
				D46CC0BC1F475ECC0029DA9A /* Debug */,
				D46CC0BD1F475ECC0029DA9A /* Release */,
			);
			defaultConfigurationIsVisible = 0;
			defaultConfigurationName = Release;
		};
		D46CC0BE1F475ECC0029DA9A /* Build configuration list for PBXNativeTarget "App5WebView" */ = {
			isa = XCConfigurationList;
			buildConfigurations = (
				D46CC0BF1F475ECC0029DA9A /* Debug */,
				D46CC0C01F475ECC0029DA9A /* Release */,
			);
			defaultConfigurationIsVisible = 0;
		};
		D46CC0C11F475ECC0029DA9A /* Build configuration list for PBXNativeTarget "App5WebViewTests" */ = {
			isa = XCConfigurationList;
			buildConfigurations = (
				D46CC0C21F475ECC0029DA9A /* Debug */,
				D46CC0C31F475ECC0029DA9A /* Release */,
			);
			defaultConfigurationIsVisible = 0;
		};
		D46CC0C41F475ECC0029DA9A /* Build configuration list for PBXNativeTarget "App5WebViewUITests" */ = {
			isa = XCConfigurationList;
			buildConfigurations = (
				D46CC0C51F475ECC0029DA9A /* Debug */,
				D46CC0C61F475ECC0029DA9A /* Release */,
			);
			defaultConfigurationIsVisible = 0;
		};
/* End XCConfigurationList section */
	};
	rootObject = D46CC08E1F475ECC0029DA9A /* Project object */;
}
