// !$*UTF8*$!
{
	archiveVersion = 1;
	classes = {
	};
	objectVersion = 46;
	objects = {

/* Begin PBXBuildFile section */
		D46CBEF11F45F7DB0029DA9A /* AppDelegate.swift in Sources */ = {isa = PBXBuildFile; fileRef = D46CBEF01F45F7DB0029DA9A /* AppDelegate.swift */; };
		D46CBEF31F45F7DB0029DA9A /* ViewController.swift in Sources */ = {isa = PBXBuildFile; fileRef = D46CBEF21F45F7DB0029DA9A /* ViewController.swift */; };
		D46CBEF61F45F7DB0029DA9A /* Main.storyboard in Resources */ = {isa = PBXBuildFile; fileRef = D46CBEF41F45F7DB0029DA9A /* Main.storyboard */; };
		D46CBEF81F45F7DB0029DA9A /* Assets.xcassets in Resources */ = {isa = PBXBuildFile; fileRef = D46CBEF71F45F7DB0029DA9A /* Assets.xcassets */; };
		D46CBEFB1F45F7DB0029DA9A /* LaunchScreen.storyboard in Resources */ = {isa = PBXBuildFile; fileRef = D46CBEF91F45F7DB0029DA9A /* LaunchScreen.storyboard */; };
		D46CBF061F45F7DB0029DA9A /* App4ClaseGuardaPalabraTests.swift in Sources */ = {isa = PBXBuildFile; fileRef = D46CBF051F45F7DB0029DA9A /* App4ClaseGuardaPalabraTests.swift */; };
		D46CBF111F45F7DB0029DA9A /* App4ClaseGuardaPalabraUITests.swift in Sources */ = {isa = PBXBuildFile; fileRef = D46CBF101F45F7DB0029DA9A /* App4ClaseGuardaPalabraUITests.swift */; };
		D46CBF1F1F45FD830029DA9A /* TableViewController.swift in Sources */ = {isa = PBXBuildFile; fileRef = D46CBF1E1F45FD830029DA9A /* TableViewController.swift */; };
/* End PBXBuildFile section */

/* Begin PBXContainerItemProxy section */
		D46CBF021F45F7DB0029DA9A /* PBXContainerItemProxy */ = {
			isa = PBXContainerItemProxy;
			containerPortal = D46CBEE51F45F7DB0029DA9A /* Project object */;
			proxyType = 1;
			remoteGlobalIDString = D46CBEEC1F45F7DB0029DA9A;
			remoteInfo = App4ClaseGuardaPalabra;
		};
		D46CBF0D1F45F7DB0029DA9A /* PBXContainerItemProxy */ = {
			isa = PBXContainerItemProxy;
			containerPortal = D46CBEE51F45F7DB0029DA9A /* Project object */;
			proxyType = 1;
			remoteGlobalIDString = D46CBEEC1F45F7DB0029DA9A;
			remoteInfo = App4ClaseGuardaPalabra;
		};
/* End PBXContainerItemProxy section */

/* Begin PBXFileReference section */
		D46CBEED1F45F7DB0029DA9A /* App4ClaseGuardaPalabra.app */ = {isa = PBXFileReference; explicitFileType = wrapper.application; includeInIndex = 0; path = App4ClaseGuardaPalabra.app; sourceTree = BUILT_PRODUCTS_DIR; };
		D46CBEF01F45F7DB0029DA9A /* AppDelegate.swift */ = {isa = PBXFileReference; lastKnownFileType = sourcecode.swift; path = AppDelegate.swift; sourceTree = "<group>"; };
		D46CBEF21F45F7DB0029DA9A /* ViewController.swift */ = {isa = PBXFileReference; lastKnownFileType = sourcecode.swift; path = ViewController.swift; sourceTree = "<group>"; };
		D46CBEF51F45F7DB0029DA9A /* Base */ = {isa = PBXFileReference; lastKnownFileType = file.storyboard; name = Base; path = Base.lproj/Main.storyboard; sourceTree = "<group>"; };
		D46CBEF71F45F7DB0029DA9A /* Assets.xcassets */ = {isa = PBXFileReference; lastKnownFileType = folder.assetcatalog; path = Assets.xcassets; sourceTree = "<group>"; };
		D46CBEFA1F45F7DB0029DA9A /* Base */ = {isa = PBXFileReference; lastKnownFileType = file.storyboard; name = Base; path = Base.lproj/LaunchScreen.storyboard; sourceTree = "<group>"; };
		D46CBEFC1F45F7DB0029DA9A /* Info.plist */ = {isa = PBXFileReference; lastKnownFileType = text.plist.xml; path = Info.plist; sourceTree = "<group>"; };
		D46CBF011F45F7DB0029DA9A /* App4ClaseGuardaPalabraTests.xctest */ = {isa = PBXFileReference; explicitFileType = wrapper.cfbundle; includeInIndex = 0; path = App4ClaseGuardaPalabraTests.xctest; sourceTree = BUILT_PRODUCTS_DIR; };
		D46CBF051F45F7DB0029DA9A /* App4ClaseGuardaPalabraTests.swift */ = {isa = PBXFileReference; lastKnownFileType = sourcecode.swift; path = App4ClaseGuardaPalabraTests.swift; sourceTree = "<group>"; };
		D46CBF071F45F7DB0029DA9A /* Info.plist */ = {isa = PBXFileReference; lastKnownFileType = text.plist.xml; path = Info.plist; sourceTree = "<group>"; };
		D46CBF0C1F45F7DB0029DA9A /* App4ClaseGuardaPalabraUITests.xctest */ = {isa = PBXFileReference; explicitFileType = wrapper.cfbundle; includeInIndex = 0; path = App4ClaseGuardaPalabraUITests.xctest; sourceTree = BUILT_PRODUCTS_DIR; };
		D46CBF101F45F7DB0029DA9A /* App4ClaseGuardaPalabraUITests.swift */ = {isa = PBXFileReference; lastKnownFileType = sourcecode.swift; path = App4ClaseGuardaPalabraUITests.swift; sourceTree = "<group>"; };
		D46CBF121F45F7DB0029DA9A /* Info.plist */ = {isa = PBXFileReference; lastKnownFileType = text.plist.xml; path = Info.plist; sourceTree = "<group>"; };
		D46CBF1E1F45FD830029DA9A /* TableViewController.swift */ = {isa = PBXFileReference; fileEncoding = 4; lastKnownFileType = sourcecode.swift; path = TableViewController.swift; sourceTree = "<group>"; };
/* End PBXFileReference section */

/* Begin PBXFrameworksBuildPhase section */
		D46CBEEA1F45F7DB0029DA9A /* Frameworks */ = {
			isa = PBXFrameworksBuildPhase;
			buildActionMask = 2147483647;
			files = (
			);
			runOnlyForDeploymentPostprocessing = 0;
		};
		D46CBEFE1F45F7DB0029DA9A /* Frameworks */ = {
			isa = PBXFrameworksBuildPhase;
			buildActionMask = 2147483647;
			files = (
			);
			runOnlyForDeploymentPostprocessing = 0;
		};
		D46CBF091F45F7DB0029DA9A /* Frameworks */ = {
			isa = PBXFrameworksBuildPhase;
			buildActionMask = 2147483647;
			files = (
			);
			runOnlyForDeploymentPostprocessing = 0;
		};
/* End PBXFrameworksBuildPhase section */

/* Begin PBXGroup section */
		D46CBEE41F45F7DB0029DA9A = {
			isa = PBXGroup;
			children = (
				D46CBEEF1F45F7DB0029DA9A /* App4ClaseGuardaPalabra */,
				D46CBF041F45F7DB0029DA9A /* App4ClaseGuardaPalabraTests */,
				D46CBF0F1F45F7DB0029DA9A /* App4ClaseGuardaPalabraUITests */,
				D46CBEEE1F45F7DB0029DA9A /* Products */,
			);
			sourceTree = "<group>";
		};
		D46CBEEE1F45F7DB0029DA9A /* Products */ = {
			isa = PBXGroup;
			children = (
				D46CBEED1F45F7DB0029DA9A /* App4ClaseGuardaPalabra.app */,
				D46CBF011F45F7DB0029DA9A /* App4ClaseGuardaPalabraTests.xctest */,
				D46CBF0C1F45F7DB0029DA9A /* App4ClaseGuardaPalabraUITests.xctest */,
			);
			name = Products;
			sourceTree = "<group>";
		};
		D46CBEEF1F45F7DB0029DA9A /* App4ClaseGuardaPalabra */ = {
			isa = PBXGroup;
			children = (
				D46CBEF01F45F7DB0029DA9A /* AppDelegate.swift */,
				D46CBEF21F45F7DB0029DA9A /* ViewController.swift */,
				D46CBEF41F45F7DB0029DA9A /* Main.storyboard */,
				D46CBEF71F45F7DB0029DA9A /* Assets.xcassets */,
				D46CBEF91F45F7DB0029DA9A /* LaunchScreen.storyboard */,
				D46CBEFC1F45F7DB0029DA9A /* Info.plist */,
				D46CBF1E1F45FD830029DA9A /* TableViewController.swift */,
			);
			path = App4ClaseGuardaPalabra;
			sourceTree = "<group>";
		};
		D46CBF041F45F7DB0029DA9A /* App4ClaseGuardaPalabraTests */ = {
			isa = PBXGroup;
			children = (
				D46CBF051F45F7DB0029DA9A /* App4ClaseGuardaPalabraTests.swift */,
				D46CBF071F45F7DB0029DA9A /* Info.plist */,
			);
			path = App4ClaseGuardaPalabraTests;
			sourceTree = "<group>";
		};
		D46CBF0F1F45F7DB0029DA9A /* App4ClaseGuardaPalabraUITests */ = {
			isa = PBXGroup;
			children = (
				D46CBF101F45F7DB0029DA9A /* App4ClaseGuardaPalabraUITests.swift */,
				D46CBF121F45F7DB0029DA9A /* Info.plist */,
			);
			path = App4ClaseGuardaPalabraUITests;
			sourceTree = "<group>";
		};
/* End PBXGroup section */

/* Begin PBXNativeTarget section */
		D46CBEEC1F45F7DB0029DA9A /* App4ClaseGuardaPalabra */ = {
			isa = PBXNativeTarget;
			buildConfigurationList = D46CBF151F45F7DB0029DA9A /* Build configuration list for PBXNativeTarget "App4ClaseGuardaPalabra" */;
			buildPhases = (
				D46CBEE91F45F7DB0029DA9A /* Sources */,
				D46CBEEA1F45F7DB0029DA9A /* Frameworks */,
				D46CBEEB1F45F7DB0029DA9A /* Resources */,
			);
			buildRules = (
			);
			dependencies = (
			);
			name = App4ClaseGuardaPalabra;
			productName = App4ClaseGuardaPalabra;
			productReference = D46CBEED1F45F7DB0029DA9A /* App4ClaseGuardaPalabra.app */;
			productType = "com.apple.product-type.application";
		};
		D46CBF001F45F7DB0029DA9A /* App4ClaseGuardaPalabraTests */ = {
			isa = PBXNativeTarget;
			buildConfigurationList = D46CBF181F45F7DB0029DA9A /* Build configuration list for PBXNativeTarget "App4ClaseGuardaPalabraTests" */;
			buildPhases = (
				D46CBEFD1F45F7DB0029DA9A /* Sources */,
				D46CBEFE1F45F7DB0029DA9A /* Frameworks */,
				D46CBEFF1F45F7DB0029DA9A /* Resources */,
			);
			buildRules = (
			);
			dependencies = (
				D46CBF031F45F7DB0029DA9A /* PBXTargetDependency */,
			);
			name = App4ClaseGuardaPalabraTests;
			productName = App4ClaseGuardaPalabraTests;
			productReference = D46CBF011F45F7DB0029DA9A /* App4ClaseGuardaPalabraTests.xctest */;
			productType = "com.apple.product-type.bundle.unit-test";
		};
		D46CBF0B1F45F7DB0029DA9A /* App4ClaseGuardaPalabraUITests */ = {
			isa = PBXNativeTarget;
			buildConfigurationList = D46CBF1B1F45F7DB0029DA9A /* Build configuration list for PBXNativeTarget "App4ClaseGuardaPalabraUITests" */;
			buildPhases = (
				D46CBF081F45F7DB0029DA9A /* Sources */,
				D46CBF091F45F7DB0029DA9A /* Frameworks */,
				D46CBF0A1F45F7DB0029DA9A /* Resources */,
			);
			buildRules = (
			);
			dependencies = (
				D46CBF0E1F45F7DB0029DA9A /* PBXTargetDependency */,
			);
			name = App4ClaseGuardaPalabraUITests;
			productName = App4ClaseGuardaPalabraUITests;
			productReference = D46CBF0C1F45F7DB0029DA9A /* App4ClaseGuardaPalabraUITests.xctest */;
			productType = "com.apple.product-type.bundle.ui-testing";
		};
/* End PBXNativeTarget section */

/* Begin PBXProject section */
		D46CBEE51F45F7DB0029DA9A /* Project object */ = {
			isa = PBXProject;
			attributes = {
				LastSwiftUpdateCheck = 0830;
				LastUpgradeCheck = 0830;
				ORGANIZATIONNAME = Caliente;
				TargetAttributes = {
					D46CBEEC1F45F7DB0029DA9A = {
						CreatedOnToolsVersion = 8.3.3;
						ProvisioningStyle = Automatic;
					};
					D46CBF001F45F7DB0029DA9A = {
						CreatedOnToolsVersion = 8.3.3;
						ProvisioningStyle = Automatic;
						TestTargetID = D46CBEEC1F45F7DB0029DA9A;
					};
					D46CBF0B1F45F7DB0029DA9A = {
						CreatedOnToolsVersion = 8.3.3;
						ProvisioningStyle = Automatic;
						TestTargetID = D46CBEEC1F45F7DB0029DA9A;
					};
				};
			};
			buildConfigurationList = D46CBEE81F45F7DB0029DA9A /* Build configuration list for PBXProject "App4ClaseGuardaPalabra" */;
			compatibilityVersion = "Xcode 3.2";
			developmentRegion = English;
			hasScannedForEncodings = 0;
			knownRegions = (
				en,
				Base,
			);
			mainGroup = D46CBEE41F45F7DB0029DA9A;
			productRefGroup = D46CBEEE1F45F7DB0029DA9A /* Products */;
			projectDirPath = "";
			projectRoot = "";
			targets = (
				D46CBEEC1F45F7DB0029DA9A /* App4ClaseGuardaPalabra */,
				D46CBF001F45F7DB0029DA9A /* App4ClaseGuardaPalabraTests */,
				D46CBF0B1F45F7DB0029DA9A /* App4ClaseGuardaPalabraUITests */,
			);
		};
/* End PBXProject section */

/* Begin PBXResourcesBuildPhase section */
		D46CBEEB1F45F7DB0029DA9A /* Resources */ = {
			isa = PBXResourcesBuildPhase;
			buildActionMask = 2147483647;
			files = (
				D46CBEFB1F45F7DB0029DA9A /* LaunchScreen.storyboard in Resources */,
				D46CBEF81F45F7DB0029DA9A /* Assets.xcassets in Resources */,
				D46CBEF61F45F7DB0029DA9A /* Main.storyboard in Resources */,
			);
			runOnlyForDeploymentPostprocessing = 0;
		};
		D46CBEFF1F45F7DB0029DA9A /* Resources */ = {
			isa = PBXResourcesBuildPhase;
			buildActionMask = 2147483647;
			files = (
			);
			runOnlyForDeploymentPostprocessing = 0;
		};
		D46CBF0A1F45F7DB0029DA9A /* Resources */ = {
			isa = PBXResourcesBuildPhase;
			buildActionMask = 2147483647;
			files = (
			);
			runOnlyForDeploymentPostprocessing = 0;
		};
/* End PBXResourcesBuildPhase section */

/* Begin PBXSourcesBuildPhase section */
		D46CBEE91F45F7DB0029DA9A /* Sources */ = {
			isa = PBXSourcesBuildPhase;
			buildActionMask = 2147483647;
			files = (
				D46CBEF31F45F7DB0029DA9A /* ViewController.swift in Sources */,
				D46CBF1F1F45FD830029DA9A /* TableViewController.swift in Sources */,
				D46CBEF11F45F7DB0029DA9A /* AppDelegate.swift in Sources */,
			);
			runOnlyForDeploymentPostprocessing = 0;
		};
		D46CBEFD1F45F7DB0029DA9A /* Sources */ = {
			isa = PBXSourcesBuildPhase;
			buildActionMask = 2147483647;
			files = (
				D46CBF061F45F7DB0029DA9A /* App4ClaseGuardaPalabraTests.swift in Sources */,
			);
			runOnlyForDeploymentPostprocessing = 0;
		};
		D46CBF081F45F7DB0029DA9A /* Sources */ = {
			isa = PBXSourcesBuildPhase;
			buildActionMask = 2147483647;
			files = (
				D46CBF111F45F7DB0029DA9A /* App4ClaseGuardaPalabraUITests.swift in Sources */,
			);
			runOnlyForDeploymentPostprocessing = 0;
		};
/* End PBXSourcesBuildPhase section */

/* Begin PBXTargetDependency section */
		D46CBF031F45F7DB0029DA9A /* PBXTargetDependency */ = {
			isa = PBXTargetDependency;
			target = D46CBEEC1F45F7DB0029DA9A /* App4ClaseGuardaPalabra */;
			targetProxy = D46CBF021F45F7DB0029DA9A /* PBXContainerItemProxy */;
		};
		D46CBF0E1F45F7DB0029DA9A /* PBXTargetDependency */ = {
			isa = PBXTargetDependency;
			target = D46CBEEC1F45F7DB0029DA9A /* App4ClaseGuardaPalabra */;
			targetProxy = D46CBF0D1F45F7DB0029DA9A /* PBXContainerItemProxy */;
		};
/* End PBXTargetDependency section */

/* Begin PBXVariantGroup section */
		D46CBEF41F45F7DB0029DA9A /* Main.storyboard */ = {
			isa = PBXVariantGroup;
			children = (
				D46CBEF51F45F7DB0029DA9A /* Base */,
			);
			name = Main.storyboard;
			sourceTree = "<group>";
		};
		D46CBEF91F45F7DB0029DA9A /* LaunchScreen.storyboard */ = {
			isa = PBXVariantGroup;
			children = (
				D46CBEFA1F45F7DB0029DA9A /* Base */,
			);
			name = LaunchScreen.storyboard;
			sourceTree = "<group>";
		};
/* End PBXVariantGroup section */

/* Begin XCBuildConfiguration section */
		D46CBF131F45F7DB0029DA9A /* Debug */ = {
			isa = XCBuildConfiguration;
			buildSettings = {
				ALWAYS_SEARCH_USER_PATHS = NO;
				CLANG_ANALYZER_NONNULL = YES;
				CLANG_ANALYZER_NUMBER_OBJECT_CONVERSION = YES_AGGRESSIVE;
				CLANG_CXX_LANGUAGE_STANDARD = "gnu++0x";
				CLANG_CXX_LIBRARY = "libc++";
				CLANG_ENABLE_MODULES = YES;
				CLANG_ENABLE_OBJC_ARC = YES;
				CLANG_WARN_BOOL_CONVERSION = YES;
				CLANG_WARN_CONSTANT_CONVERSION = YES;
				CLANG_WARN_DIRECT_OBJC_ISA_USAGE = YES_ERROR;
				CLANG_WARN_DOCUMENTATION_COMMENTS = YES;
				CLANG_WARN_EMPTY_BODY = YES;
				CLANG_WARN_ENUM_CONVERSION = YES;
				CLANG_WARN_INFINITE_RECURSION = YES;
				CLANG_WARN_INT_CONVERSION = YES;
				CLANG_WARN_OBJC_ROOT_CLASS = YES_ERROR;
				CLANG_WARN_SUSPICIOUS_MOVE = YES;
				CLANG_WARN_UNREACHABLE_CODE = YES;
				CLANG_WARN__DUPLICATE_METHOD_MATCH = YES;
				"CODE_SIGN_IDENTITY[sdk=iphoneos*]" = "iPhone Developer";
				COPY_PHASE_STRIP = NO;
				DEBUG_INFORMATION_FORMAT = dwarf;
				ENABLE_STRICT_OBJC_MSGSEND = YES;
				ENABLE_TESTABILITY = YES;
				GCC_C_LANGUAGE_STANDARD = gnu99;
				GCC_DYNAMIC_NO_PIC = NO;
				GCC_NO_COMMON_BLOCKS = YES;
				GCC_OPTIMIZATION_LEVEL = 0;
				GCC_PREPROCESSOR_DEFINITIONS = (
					"DEBUG=1",
					"$(inherited)",
				);
				GCC_WARN_64_TO_32_BIT_CONVERSION = YES;
				GCC_WARN_ABOUT_RETURN_TYPE = YES_ERROR;
				GCC_WARN_UNDECLARED_SELECTOR = YES;
				GCC_WARN_UNINITIALIZED_AUTOS = YES_AGGRESSIVE;
				GCC_WARN_UNUSED_FUNCTION = YES;
				GCC_WARN_UNUSED_VARIABLE = YES;
				IPHONEOS_DEPLOYMENT_TARGET = 10.3;
				MTL_ENABLE_DEBUG_INFO = YES;
				ONLY_ACTIVE_ARCH = YES;
				SDKROOT = iphoneos;
				SWIFT_ACTIVE_COMPILATION_CONDITIONS = DEBUG;
				SWIFT_OPTIMIZATION_LEVEL = "-Onone";
				TARGETED_DEVICE_FAMILY = "1,2";
			};
			name = Debug;
		};
		D46CBF141F45F7DB0029DA9A /* Release */ = {
			isa = XCBuildConfiguration;
			buildSettings = {
				ALWAYS_SEARCH_USER_PATHS = NO;
				CLANG_ANALYZER_NONNULL = YES;
				CLANG_ANALYZER_NUMBER_OBJECT_CONVERSION = YES_AGGRESSIVE;
				CLANG_CXX_LANGUAGE_STANDARD = "gnu++0x";
				CLANG_CXX_LIBRARY = "libc++";
				CLANG_ENABLE_MODULES = YES;
				CLANG_ENABLE_OBJC_ARC = YES;
				CLANG_WARN_BOOL_CONVERSION = YES;
				CLANG_WARN_CONSTANT_CONVERSION = YES;
				CLANG_WARN_DIRECT_OBJC_ISA_USAGE = YES_ERROR;
				CLANG_WARN_DOCUMENTATION_COMMENTS = YES;
				CLANG_WARN_EMPTY_BODY = YES;
				CLANG_WARN_ENUM_CONVERSION = YES;
				CLANG_WARN_INFINITE_RECURSION = YES;
				CLANG_WARN_INT_CONVERSION = YES;
				CLANG_WARN_OBJC_ROOT_CLASS = YES_ERROR;
				CLANG_WARN_SUSPICIOUS_MOVE = YES;
				CLANG_WARN_UNREACHABLE_CODE = YES;
				CLANG_WARN__DUPLICATE_METHOD_MATCH = YES;
				"CODE_SIGN_IDENTITY[sdk=iphoneos*]" = "iPhone Developer";
				COPY_PHASE_STRIP = NO;
				DEBUG_INFORMATION_FORMAT = "dwarf-with-dsym";
				ENABLE_NS_ASSERTIONS = NO;
				ENABLE_STRICT_OBJC_MSGSEND = YES;
				GCC_C_LANGUAGE_STANDARD = gnu99;
				GCC_NO_COMMON_BLOCKS = YES;
				GCC_WARN_64_TO_32_BIT_CONVERSION = YES;
				GCC_WARN_ABOUT_RETURN_TYPE = YES_ERROR;
				GCC_WARN_UNDECLARED_SELECTOR = YES;
				GCC_WARN_UNINITIALIZED_AUTOS = YES_AGGRESSIVE;
				GCC_WARN_UNUSED_FUNCTION = YES;
				GCC_WARN_UNUSED_VARIABLE = YES;
				IPHONEOS_DEPLOYMENT_TARGET = 10.3;
				MTL_ENABLE_DEBUG_INFO = NO;
				SDKROOT = iphoneos;
				SWIFT_OPTIMIZATION_LEVEL = "-Owholemodule";
				TARGETED_DEVICE_FAMILY = "1,2";
				VALIDATE_PRODUCT = YES;
			};
			name = Release;
		};
		D46CBF161F45F7DB0029DA9A /* Debug */ = {
			isa = XCBuildConfiguration;
			buildSettings = {
				ASSETCATALOG_COMPILER_APPICON_NAME = AppIcon;
				INFOPLIST_FILE = App4ClaseGuardaPalabra/Info.plist;
				LD_RUNPATH_SEARCH_PATHS = "$(inherited) @executable_path/Frameworks";
				PRODUCT_BUNDLE_IDENTIFIER = Caliente.App4ClaseGuardaPalabra;
				PRODUCT_NAME = "$(TARGET_NAME)";
				SWIFT_VERSION = 3.0;
			};
			name = Debug;
		};
		D46CBF171F45F7DB0029DA9A /* Release */ = {
			isa = XCBuildConfiguration;
			buildSettings = {
				ASSETCATALOG_COMPILER_APPICON_NAME = AppIcon;
				INFOPLIST_FILE = App4ClaseGuardaPalabra/Info.plist;
				LD_RUNPATH_SEARCH_PATHS = "$(inherited) @executable_path/Frameworks";
				PRODUCT_BUNDLE_IDENTIFIER = Caliente.App4ClaseGuardaPalabra;
				PRODUCT_NAME = "$(TARGET_NAME)";
				SWIFT_VERSION = 3.0;
			};
			name = Release;
		};
		D46CBF191F45F7DB0029DA9A /* Debug */ = {
			isa = XCBuildConfiguration;
			buildSettings = {
				ALWAYS_EMBED_SWIFT_STANDARD_LIBRARIES = YES;
				BUNDLE_LOADER = "$(TEST_HOST)";
				INFOPLIST_FILE = App4ClaseGuardaPalabraTests/Info.plist;
				LD_RUNPATH_SEARCH_PATHS = "$(inherited) @executable_path/Frameworks @loader_path/Frameworks";
				PRODUCT_BUNDLE_IDENTIFIER = Caliente.App4ClaseGuardaPalabraTests;
				PRODUCT_NAME = "$(TARGET_NAME)";
				SWIFT_VERSION = 3.0;
				TEST_HOST = "$(BUILT_PRODUCTS_DIR)/App4ClaseGuardaPalabra.app/App4ClaseGuardaPalabra";
			};
			name = Debug;
		};
		D46CBF1A1F45F7DB0029DA9A /* Release */ = {
			isa = XCBuildConfiguration;
			buildSettings = {
				ALWAYS_EMBED_SWIFT_STANDARD_LIBRARIES = YES;
				BUNDLE_LOADER = "$(TEST_HOST)";
				INFOPLIST_FILE = App4ClaseGuardaPalabraTests/Info.plist;
				LD_RUNPATH_SEARCH_PATHS = "$(inherited) @executable_path/Frameworks @loader_path/Frameworks";
				PRODUCT_BUNDLE_IDENTIFIER = Caliente.App4ClaseGuardaPalabraTests;
				PRODUCT_NAME = "$(TARGET_NAME)";
				SWIFT_VERSION = 3.0;
				TEST_HOST = "$(BUILT_PRODUCTS_DIR)/App4ClaseGuardaPalabra.app/App4ClaseGuardaPalabra";
			};
			name = Release;
		};
		D46CBF1C1F45F7DB0029DA9A /* Debug */ = {
			isa = XCBuildConfiguration;
			buildSettings = {
				ALWAYS_EMBED_SWIFT_STANDARD_LIBRARIES = YES;
				INFOPLIST_FILE = App4ClaseGuardaPalabraUITests/Info.plist;
				LD_RUNPATH_SEARCH_PATHS = "$(inherited) @executable_path/Frameworks @loader_path/Frameworks";
				PRODUCT_BUNDLE_IDENTIFIER = Caliente.App4ClaseGuardaPalabraUITests;
				PRODUCT_NAME = "$(TARGET_NAME)";
				SWIFT_VERSION = 3.0;
				TEST_TARGET_NAME = App4ClaseGuardaPalabra;
			};
			name = Debug;
		};
		D46CBF1D1F45F7DB0029DA9A /* Release */ = {
			isa = XCBuildConfiguration;
			buildSettings = {
				ALWAYS_EMBED_SWIFT_STANDARD_LIBRARIES = YES;
				INFOPLIST_FILE = App4ClaseGuardaPalabraUITests/Info.plist;
				LD_RUNPATH_SEARCH_PATHS = "$(inherited) @executable_path/Frameworks @loader_path/Frameworks";
				PRODUCT_BUNDLE_IDENTIFIER = Caliente.App4ClaseGuardaPalabraUITests;
				PRODUCT_NAME = "$(TARGET_NAME)";
				SWIFT_VERSION = 3.0;
				TEST_TARGET_NAME = App4ClaseGuardaPalabra;
			};
			name = Release;
		};
/* End XCBuildConfiguration section */

/* Begin XCConfigurationList section */
		D46CBEE81F45F7DB0029DA9A /* Build configuration list for PBXProject "App4ClaseGuardaPalabra" */ = {
			isa = XCConfigurationList;
			buildConfigurations = (
				D46CBF131F45F7DB0029DA9A /* Debug */,
				D46CBF141F45F7DB0029DA9A /* Release */,
			);
			defaultConfigurationIsVisible = 0;
			defaultConfigurationName = Release;
		};
		D46CBF151F45F7DB0029DA9A /* Build configuration list for PBXNativeTarget "App4ClaseGuardaPalabra" */ = {
			isa = XCConfigurationList;
			buildConfigurations = (
				D46CBF161F45F7DB0029DA9A /* Debug */,
				D46CBF171F45F7DB0029DA9A /* Release */,
			);
			defaultConfigurationIsVisible = 0;
		};
		D46CBF181F45F7DB0029DA9A /* Build configuration list for PBXNativeTarget "App4ClaseGuardaPalabraTests" */ = {
			isa = XCConfigurationList;
			buildConfigurations = (
				D46CBF191F45F7DB0029DA9A /* Debug */,
				D46CBF1A1F45F7DB0029DA9A /* Release */,
			);
			defaultConfigurationIsVisible = 0;
		};
		D46CBF1B1F45F7DB0029DA9A /* Build configuration list for PBXNativeTarget "App4ClaseGuardaPalabraUITests" */ = {
			isa = XCConfigurationList;
			buildConfigurations = (
				D46CBF1C1F45F7DB0029DA9A /* Debug */,
				D46CBF1D1F45F7DB0029DA9A /* Release */,
			);
			defaultConfigurationIsVisible = 0;
		};
/* End XCConfigurationList section */
	};
	rootObject = D46CBEE51F45F7DB0029DA9A /* Project object */;
}
