// !$*UTF8*$!
{
	archiveVersion = 1;
	classes = {
	};
	objectVersion = 46;
	objects = {

/* Begin PBXBuildFile section */
		D46CBE7B1F4502000029DA9A /* AppDelegate.swift in Sources */ = {isa = PBXBuildFile; fileRef = D46CBE7A1F4502000029DA9A /* AppDelegate.swift */; };
		D46CBE7D1F4502000029DA9A /* ViewController.swift in Sources */ = {isa = PBXBuildFile; fileRef = D46CBE7C1F4502000029DA9A /* ViewController.swift */; };
		D46CBE801F4502000029DA9A /* Main.storyboard in Resources */ = {isa = PBXBuildFile; fileRef = D46CBE7E1F4502000029DA9A /* Main.storyboard */; };
		D46CBE821F4502000029DA9A /* Assets.xcassets in Resources */ = {isa = PBXBuildFile; fileRef = D46CBE811F4502000029DA9A /* Assets.xcassets */; };
		D46CBE851F4502000029DA9A /* LaunchScreen.storyboard in Resources */ = {isa = PBXBuildFile; fileRef = D46CBE831F4502000029DA9A /* LaunchScreen.storyboard */; };
		D46CBE901F4502000029DA9A /* DinamicsTests.swift in Sources */ = {isa = PBXBuildFile; fileRef = D46CBE8F1F4502000029DA9A /* DinamicsTests.swift */; };
		D46CBE9B1F4502000029DA9A /* DinamicsUITests.swift in Sources */ = {isa = PBXBuildFile; fileRef = D46CBE9A1F4502000029DA9A /* DinamicsUITests.swift */; };
		D46CBEA91F450B020029DA9A /* Icon-App-76x76@2x.png in Resources */ = {isa = PBXBuildFile; fileRef = D46CBEA81F450B020029DA9A /* Icon-App-76x76@2x.png */; };
/* End PBXBuildFile section */

/* Begin PBXContainerItemProxy section */
		D46CBE8C1F4502000029DA9A /* PBXContainerItemProxy */ = {
			isa = PBXContainerItemProxy;
			containerPortal = D46CBE6F1F4502000029DA9A /* Project object */;
			proxyType = 1;
			remoteGlobalIDString = D46CBE761F4502000029DA9A;
			remoteInfo = Dinamics;
		};
		D46CBE971F4502000029DA9A /* PBXContainerItemProxy */ = {
			isa = PBXContainerItemProxy;
			containerPortal = D46CBE6F1F4502000029DA9A /* Project object */;
			proxyType = 1;
			remoteGlobalIDString = D46CBE761F4502000029DA9A;
			remoteInfo = Dinamics;
		};
/* End PBXContainerItemProxy section */

/* Begin PBXFileReference section */
		D46CBE771F4502000029DA9A /* Dinamics.app */ = {isa = PBXFileReference; explicitFileType = wrapper.application; includeInIndex = 0; path = Dinamics.app; sourceTree = BUILT_PRODUCTS_DIR; };
		D46CBE7A1F4502000029DA9A /* AppDelegate.swift */ = {isa = PBXFileReference; lastKnownFileType = sourcecode.swift; path = AppDelegate.swift; sourceTree = "<group>"; };
		D46CBE7C1F4502000029DA9A /* ViewController.swift */ = {isa = PBXFileReference; lastKnownFileType = sourcecode.swift; path = ViewController.swift; sourceTree = "<group>"; };
		D46CBE7F1F4502000029DA9A /* Base */ = {isa = PBXFileReference; lastKnownFileType = file.storyboard; name = Base; path = Base.lproj/Main.storyboard; sourceTree = "<group>"; };
		D46CBE811F4502000029DA9A /* Assets.xcassets */ = {isa = PBXFileReference; lastKnownFileType = folder.assetcatalog; path = Assets.xcassets; sourceTree = "<group>"; };
		D46CBE841F4502000029DA9A /* Base */ = {isa = PBXFileReference; lastKnownFileType = file.storyboard; name = Base; path = Base.lproj/LaunchScreen.storyboard; sourceTree = "<group>"; };
		D46CBE861F4502000029DA9A /* Info.plist */ = {isa = PBXFileReference; lastKnownFileType = text.plist.xml; path = Info.plist; sourceTree = "<group>"; };
		D46CBE8B1F4502000029DA9A /* DinamicsTests.xctest */ = {isa = PBXFileReference; explicitFileType = wrapper.cfbundle; includeInIndex = 0; path = DinamicsTests.xctest; sourceTree = BUILT_PRODUCTS_DIR; };
		D46CBE8F1F4502000029DA9A /* DinamicsTests.swift */ = {isa = PBXFileReference; lastKnownFileType = sourcecode.swift; path = DinamicsTests.swift; sourceTree = "<group>"; };
		D46CBE911F4502000029DA9A /* Info.plist */ = {isa = PBXFileReference; lastKnownFileType = text.plist.xml; path = Info.plist; sourceTree = "<group>"; };
		D46CBE961F4502000029DA9A /* DinamicsUITests.xctest */ = {isa = PBXFileReference; explicitFileType = wrapper.cfbundle; includeInIndex = 0; path = DinamicsUITests.xctest; sourceTree = BUILT_PRODUCTS_DIR; };
		D46CBE9A1F4502000029DA9A /* DinamicsUITests.swift */ = {isa = PBXFileReference; lastKnownFileType = sourcecode.swift; path = DinamicsUITests.swift; sourceTree = "<group>"; };
		D46CBE9C1F4502000029DA9A /* Info.plist */ = {isa = PBXFileReference; lastKnownFileType = text.plist.xml; path = Info.plist; sourceTree = "<group>"; };
		D46CBEA81F450B020029DA9A /* Icon-App-76x76@2x.png */ = {isa = PBXFileReference; lastKnownFileType = image.png; path = "Icon-App-76x76@2x.png"; sourceTree = "<group>"; };
/* End PBXFileReference section */

/* Begin PBXFrameworksBuildPhase section */
		D46CBE741F4502000029DA9A /* Frameworks */ = {
			isa = PBXFrameworksBuildPhase;
			buildActionMask = 2147483647;
			files = (
			);
			runOnlyForDeploymentPostprocessing = 0;
		};
		D46CBE881F4502000029DA9A /* Frameworks */ = {
			isa = PBXFrameworksBuildPhase;
			buildActionMask = 2147483647;
			files = (
			);
			runOnlyForDeploymentPostprocessing = 0;
		};
		D46CBE931F4502000029DA9A /* Frameworks */ = {
			isa = PBXFrameworksBuildPhase;
			buildActionMask = 2147483647;
			files = (
			);
			runOnlyForDeploymentPostprocessing = 0;
		};
/* End PBXFrameworksBuildPhase section */

/* Begin PBXGroup section */
		D46CBE6E1F4502000029DA9A = {
			isa = PBXGroup;
			children = (
				D46CBE791F4502000029DA9A /* Dinamics */,
				D46CBE8E1F4502000029DA9A /* DinamicsTests */,
				D46CBE991F4502000029DA9A /* DinamicsUITests */,
				D46CBE781F4502000029DA9A /* Products */,
			);
			sourceTree = "<group>";
		};
		D46CBE781F4502000029DA9A /* Products */ = {
			isa = PBXGroup;
			children = (
				D46CBE771F4502000029DA9A /* Dinamics.app */,
				D46CBE8B1F4502000029DA9A /* DinamicsTests.xctest */,
				D46CBE961F4502000029DA9A /* DinamicsUITests.xctest */,
			);
			name = Products;
			sourceTree = "<group>";
		};
		D46CBE791F4502000029DA9A /* Dinamics */ = {
			isa = PBXGroup;
			children = (
				D46CBEA81F450B020029DA9A /* Icon-App-76x76@2x.png */,
				D46CBE7A1F4502000029DA9A /* AppDelegate.swift */,
				D46CBE7C1F4502000029DA9A /* ViewController.swift */,
				D46CBE7E1F4502000029DA9A /* Main.storyboard */,
				D46CBE811F4502000029DA9A /* Assets.xcassets */,
				D46CBE831F4502000029DA9A /* LaunchScreen.storyboard */,
				D46CBE861F4502000029DA9A /* Info.plist */,
			);
			path = Dinamics;
			sourceTree = "<group>";
		};
		D46CBE8E1F4502000029DA9A /* DinamicsTests */ = {
			isa = PBXGroup;
			children = (
				D46CBE8F1F4502000029DA9A /* DinamicsTests.swift */,
				D46CBE911F4502000029DA9A /* Info.plist */,
			);
			path = DinamicsTests;
			sourceTree = "<group>";
		};
		D46CBE991F4502000029DA9A /* DinamicsUITests */ = {
			isa = PBXGroup;
			children = (
				D46CBE9A1F4502000029DA9A /* DinamicsUITests.swift */,
				D46CBE9C1F4502000029DA9A /* Info.plist */,
			);
			path = DinamicsUITests;
			sourceTree = "<group>";
		};
/* End PBXGroup section */

/* Begin PBXNativeTarget section */
		D46CBE761F4502000029DA9A /* Dinamics */ = {
			isa = PBXNativeTarget;
			buildConfigurationList = D46CBE9F1F4502000029DA9A /* Build configuration list for PBXNativeTarget "Dinamics" */;
			buildPhases = (
				D46CBE731F4502000029DA9A /* Sources */,
				D46CBE741F4502000029DA9A /* Frameworks */,
				D46CBE751F4502000029DA9A /* Resources */,
			);
			buildRules = (
			);
			dependencies = (
			);
			name = Dinamics;
			productName = Dinamics;
			productReference = D46CBE771F4502000029DA9A /* Dinamics.app */;
			productType = "com.apple.product-type.application";
		};
		D46CBE8A1F4502000029DA9A /* DinamicsTests */ = {
			isa = PBXNativeTarget;
			buildConfigurationList = D46CBEA21F4502000029DA9A /* Build configuration list for PBXNativeTarget "DinamicsTests" */;
			buildPhases = (
				D46CBE871F4502000029DA9A /* Sources */,
				D46CBE881F4502000029DA9A /* Frameworks */,
				D46CBE891F4502000029DA9A /* Resources */,
			);
			buildRules = (
			);
			dependencies = (
				D46CBE8D1F4502000029DA9A /* PBXTargetDependency */,
			);
			name = DinamicsTests;
			productName = DinamicsTests;
			productReference = D46CBE8B1F4502000029DA9A /* DinamicsTests.xctest */;
			productType = "com.apple.product-type.bundle.unit-test";
		};
		D46CBE951F4502000029DA9A /* DinamicsUITests */ = {
			isa = PBXNativeTarget;
			buildConfigurationList = D46CBEA51F4502000029DA9A /* Build configuration list for PBXNativeTarget "DinamicsUITests" */;
			buildPhases = (
				D46CBE921F4502000029DA9A /* Sources */,
				D46CBE931F4502000029DA9A /* Frameworks */,
				D46CBE941F4502000029DA9A /* Resources */,
			);
			buildRules = (
			);
			dependencies = (
				D46CBE981F4502000029DA9A /* PBXTargetDependency */,
			);
			name = DinamicsUITests;
			productName = DinamicsUITests;
			productReference = D46CBE961F4502000029DA9A /* DinamicsUITests.xctest */;
			productType = "com.apple.product-type.bundle.ui-testing";
		};
/* End PBXNativeTarget section */

/* Begin PBXProject section */
		D46CBE6F1F4502000029DA9A /* Project object */ = {
			isa = PBXProject;
			attributes = {
				LastSwiftUpdateCheck = 0830;
				LastUpgradeCheck = 0830;
				ORGANIZATIONNAME = Caliente;
				TargetAttributes = {
					D46CBE761F4502000029DA9A = {
						CreatedOnToolsVersion = 8.3.3;
						ProvisioningStyle = Automatic;
					};
					D46CBE8A1F4502000029DA9A = {
						CreatedOnToolsVersion = 8.3.3;
						ProvisioningStyle = Automatic;
						TestTargetID = D46CBE761F4502000029DA9A;
					};
					D46CBE951F4502000029DA9A = {
						CreatedOnToolsVersion = 8.3.3;
						ProvisioningStyle = Automatic;
						TestTargetID = D46CBE761F4502000029DA9A;
					};
				};
			};
			buildConfigurationList = D46CBE721F4502000029DA9A /* Build configuration list for PBXProject "Dinamics" */;
			compatibilityVersion = "Xcode 3.2";
			developmentRegion = English;
			hasScannedForEncodings = 0;
			knownRegions = (
				en,
				Base,
			);
			mainGroup = D46CBE6E1F4502000029DA9A;
			productRefGroup = D46CBE781F4502000029DA9A /* Products */;
			projectDirPath = "";
			projectRoot = "";
			targets = (
				D46CBE761F4502000029DA9A /* Dinamics */,
				D46CBE8A1F4502000029DA9A /* DinamicsTests */,
				D46CBE951F4502000029DA9A /* DinamicsUITests */,
			);
		};
/* End PBXProject section */

/* Begin PBXResourcesBuildPhase section */
		D46CBE751F4502000029DA9A /* Resources */ = {
			isa = PBXResourcesBuildPhase;
			buildActionMask = 2147483647;
			files = (
				D46CBEA91F450B020029DA9A /* Icon-App-76x76@2x.png in Resources */,
				D46CBE851F4502000029DA9A /* LaunchScreen.storyboard in Resources */,
				D46CBE821F4502000029DA9A /* Assets.xcassets in Resources */,
				D46CBE801F4502000029DA9A /* Main.storyboard in Resources */,
			);
			runOnlyForDeploymentPostprocessing = 0;
		};
		D46CBE891F4502000029DA9A /* Resources */ = {
			isa = PBXResourcesBuildPhase;
			buildActionMask = 2147483647;
			files = (
			);
			runOnlyForDeploymentPostprocessing = 0;
		};
		D46CBE941F4502000029DA9A /* Resources */ = {
			isa = PBXResourcesBuildPhase;
			buildActionMask = 2147483647;
			files = (
			);
			runOnlyForDeploymentPostprocessing = 0;
		};
/* End PBXResourcesBuildPhase section */

/* Begin PBXSourcesBuildPhase section */
		D46CBE731F4502000029DA9A /* Sources */ = {
			isa = PBXSourcesBuildPhase;
			buildActionMask = 2147483647;
			files = (
				D46CBE7D1F4502000029DA9A /* ViewController.swift in Sources */,
				D46CBE7B1F4502000029DA9A /* AppDelegate.swift in Sources */,
			);
			runOnlyForDeploymentPostprocessing = 0;
		};
		D46CBE871F4502000029DA9A /* Sources */ = {
			isa = PBXSourcesBuildPhase;
			buildActionMask = 2147483647;
			files = (
				D46CBE901F4502000029DA9A /* DinamicsTests.swift in Sources */,
			);
			runOnlyForDeploymentPostprocessing = 0;
		};
		D46CBE921F4502000029DA9A /* Sources */ = {
			isa = PBXSourcesBuildPhase;
			buildActionMask = 2147483647;
			files = (
				D46CBE9B1F4502000029DA9A /* DinamicsUITests.swift in Sources */,
			);
			runOnlyForDeploymentPostprocessing = 0;
		};
/* End PBXSourcesBuildPhase section */

/* Begin PBXTargetDependency section */
		D46CBE8D1F4502000029DA9A /* PBXTargetDependency */ = {
			isa = PBXTargetDependency;
			target = D46CBE761F4502000029DA9A /* Dinamics */;
			targetProxy = D46CBE8C1F4502000029DA9A /* PBXContainerItemProxy */;
		};
		D46CBE981F4502000029DA9A /* PBXTargetDependency */ = {
			isa = PBXTargetDependency;
			target = D46CBE761F4502000029DA9A /* Dinamics */;
			targetProxy = D46CBE971F4502000029DA9A /* PBXContainerItemProxy */;
		};
/* End PBXTargetDependency section */

/* Begin PBXVariantGroup section */
		D46CBE7E1F4502000029DA9A /* Main.storyboard */ = {
			isa = PBXVariantGroup;
			children = (
				D46CBE7F1F4502000029DA9A /* Base */,
			);
			name = Main.storyboard;
			sourceTree = "<group>";
		};
		D46CBE831F4502000029DA9A /* LaunchScreen.storyboard */ = {
			isa = PBXVariantGroup;
			children = (
				D46CBE841F4502000029DA9A /* Base */,
			);
			name = LaunchScreen.storyboard;
			sourceTree = "<group>";
		};
/* End PBXVariantGroup section */

/* Begin XCBuildConfiguration section */
		D46CBE9D1F4502000029DA9A /* Debug */ = {
			isa = XCBuildConfiguration;
			buildSettings = {
				ALWAYS_SEARCH_USER_PATHS = NO;
				CLANG_ANALYZER_NONNULL = YES;
				CLANG_ANALYZER_NUMBER_OBJECT_CONVERSION = YES_AGGRESSIVE;
				CLANG_CXX_LANGUAGE_STANDARD = "gnu++0x";
				CLANG_CXX_LIBRARY = "libc++";
				CLANG_ENABLE_MODULES = YES;
				CLANG_ENABLE_OBJC_ARC = YES;
				CLANG_WARN_BOOL_CONVERSION = YES;
				CLANG_WARN_CONSTANT_CONVERSION = YES;
				CLANG_WARN_DIRECT_OBJC_ISA_USAGE = YES_ERROR;
				CLANG_WARN_DOCUMENTATION_COMMENTS = YES;
				CLANG_WARN_EMPTY_BODY = YES;
				CLANG_WARN_ENUM_CONVERSION = YES;
				CLANG_WARN_INFINITE_RECURSION = YES;
				CLANG_WARN_INT_CONVERSION = YES;
				CLANG_WARN_OBJC_ROOT_CLASS = YES_ERROR;
				CLANG_WARN_SUSPICIOUS_MOVE = YES;
				CLANG_WARN_UNREACHABLE_CODE = YES;
				CLANG_WARN__DUPLICATE_METHOD_MATCH = YES;
				"CODE_SIGN_IDENTITY[sdk=iphoneos*]" = "iPhone Developer";
				COPY_PHASE_STRIP = NO;
				DEBUG_INFORMATION_FORMAT = dwarf;
				ENABLE_STRICT_OBJC_MSGSEND = YES;
				ENABLE_TESTABILITY = YES;
				GCC_C_LANGUAGE_STANDARD = gnu99;
				GCC_DYNAMIC_NO_PIC = NO;
				GCC_NO_COMMON_BLOCKS = YES;
				GCC_OPTIMIZATION_LEVEL = 0;
				GCC_PREPROCESSOR_DEFINITIONS = (
					"DEBUG=1",
					"$(inherited)",
				);
				GCC_WARN_64_TO_32_BIT_CONVERSION = YES;
				GCC_WARN_ABOUT_RETURN_TYPE = YES_ERROR;
				GCC_WARN_UNDECLARED_SELECTOR = YES;
				GCC_WARN_UNINITIALIZED_AUTOS = YES_AGGRESSIVE;
				GCC_WARN_UNUSED_FUNCTION = YES;
				GCC_WARN_UNUSED_VARIABLE = YES;
				IPHONEOS_DEPLOYMENT_TARGET = 10.3;
				MTL_ENABLE_DEBUG_INFO = YES;
				ONLY_ACTIVE_ARCH = YES;
				SDKROOT = iphoneos;
				SWIFT_ACTIVE_COMPILATION_CONDITIONS = DEBUG;
				SWIFT_OPTIMIZATION_LEVEL = "-Onone";
			};
			name = Debug;
		};
		D46CBE9E1F4502000029DA9A /* Release */ = {
			isa = XCBuildConfiguration;
			buildSettings = {
				ALWAYS_SEARCH_USER_PATHS = NO;
				CLANG_ANALYZER_NONNULL = YES;
				CLANG_ANALYZER_NUMBER_OBJECT_CONVERSION = YES_AGGRESSIVE;
				CLANG_CXX_LANGUAGE_STANDARD = "gnu++0x";
				CLANG_CXX_LIBRARY = "libc++";
				CLANG_ENABLE_MODULES = YES;
				CLANG_ENABLE_OBJC_ARC = YES;
				CLANG_WARN_BOOL_CONVERSION = YES;
				CLANG_WARN_CONSTANT_CONVERSION = YES;
				CLANG_WARN_DIRECT_OBJC_ISA_USAGE = YES_ERROR;
				CLANG_WARN_DOCUMENTATION_COMMENTS = YES;
				CLANG_WARN_EMPTY_BODY = YES;
				CLANG_WARN_ENUM_CONVERSION = YES;
				CLANG_WARN_INFINITE_RECURSION = YES;
				CLANG_WARN_INT_CONVERSION = YES;
				CLANG_WARN_OBJC_ROOT_CLASS = YES_ERROR;
				CLANG_WARN_SUSPICIOUS_MOVE = YES;
				CLANG_WARN_UNREACHABLE_CODE = YES;
				CLANG_WARN__DUPLICATE_METHOD_MATCH = YES;
				"CODE_SIGN_IDENTITY[sdk=iphoneos*]" = "iPhone Developer";
				COPY_PHASE_STRIP = NO;
				DEBUG_INFORMATION_FORMAT = "dwarf-with-dsym";
				ENABLE_NS_ASSERTIONS = NO;
				ENABLE_STRICT_OBJC_MSGSEND = YES;
				GCC_C_LANGUAGE_STANDARD = gnu99;
				GCC_NO_COMMON_BLOCKS = YES;
				GCC_WARN_64_TO_32_BIT_CONVERSION = YES;
				GCC_WARN_ABOUT_RETURN_TYPE = YES_ERROR;
				GCC_WARN_UNDECLARED_SELECTOR = YES;
				GCC_WARN_UNINITIALIZED_AUTOS = YES_AGGRESSIVE;
				GCC_WARN_UNUSED_FUNCTION = YES;
				GCC_WARN_UNUSED_VARIABLE = YES;
				IPHONEOS_DEPLOYMENT_TARGET = 10.3;
				MTL_ENABLE_DEBUG_INFO = NO;
				SDKROOT = iphoneos;
				SWIFT_OPTIMIZATION_LEVEL = "-Owholemodule";
				VALIDATE_PRODUCT = YES;
			};
			name = Release;
		};
		D46CBEA01F4502000029DA9A /* Debug */ = {
			isa = XCBuildConfiguration;
			buildSettings = {
				ASSETCATALOG_COMPILER_APPICON_NAME = AppIcon;
				INFOPLIST_FILE = Dinamics/Info.plist;
				LD_RUNPATH_SEARCH_PATHS = "$(inherited) @executable_path/Frameworks";
				PRODUCT_BUNDLE_IDENTIFIER = Caliente.Dinamics;
				PRODUCT_NAME = "$(TARGET_NAME)";
				SWIFT_VERSION = 3.0;
			};
			name = Debug;
		};
		D46CBEA11F4502000029DA9A /* Release */ = {
			isa = XCBuildConfiguration;
			buildSettings = {
				ASSETCATALOG_COMPILER_APPICON_NAME = AppIcon;
				INFOPLIST_FILE = Dinamics/Info.plist;
				LD_RUNPATH_SEARCH_PATHS = "$(inherited) @executable_path/Frameworks";
				PRODUCT_BUNDLE_IDENTIFIER = Caliente.Dinamics;
				PRODUCT_NAME = "$(TARGET_NAME)";
				SWIFT_VERSION = 3.0;
			};
			name = Release;
		};
		D46CBEA31F4502000029DA9A /* Debug */ = {
			isa = XCBuildConfiguration;
			buildSettings = {
				ALWAYS_EMBED_SWIFT_STANDARD_LIBRARIES = YES;
				BUNDLE_LOADER = "$(TEST_HOST)";
				INFOPLIST_FILE = DinamicsTests/Info.plist;
				LD_RUNPATH_SEARCH_PATHS = "$(inherited) @executable_path/Frameworks @loader_path/Frameworks";
				PRODUCT_BUNDLE_IDENTIFIER = Caliente.DinamicsTests;
				PRODUCT_NAME = "$(TARGET_NAME)";
				SWIFT_VERSION = 3.0;
				TEST_HOST = "$(BUILT_PRODUCTS_DIR)/Dinamics.app/Dinamics";
			};
			name = Debug;
		};
		D46CBEA41F4502000029DA9A /* Release */ = {
			isa = XCBuildConfiguration;
			buildSettings = {
				ALWAYS_EMBED_SWIFT_STANDARD_LIBRARIES = YES;
				BUNDLE_LOADER = "$(TEST_HOST)";
				INFOPLIST_FILE = DinamicsTests/Info.plist;
				LD_RUNPATH_SEARCH_PATHS = "$(inherited) @executable_path/Frameworks @loader_path/Frameworks";
				PRODUCT_BUNDLE_IDENTIFIER = Caliente.DinamicsTests;
				PRODUCT_NAME = "$(TARGET_NAME)";
				SWIFT_VERSION = 3.0;
				TEST_HOST = "$(BUILT_PRODUCTS_DIR)/Dinamics.app/Dinamics";
			};
			name = Release;
		};
		D46CBEA61F4502000029DA9A /* Debug */ = {
			isa = XCBuildConfiguration;
			buildSettings = {
				ALWAYS_EMBED_SWIFT_STANDARD_LIBRARIES = YES;
				INFOPLIST_FILE = DinamicsUITests/Info.plist;
				LD_RUNPATH_SEARCH_PATHS = "$(inherited) @executable_path/Frameworks @loader_path/Frameworks";
				PRODUCT_BUNDLE_IDENTIFIER = Caliente.DinamicsUITests;
				PRODUCT_NAME = "$(TARGET_NAME)";
				SWIFT_VERSION = 3.0;
				TEST_TARGET_NAME = Dinamics;
			};
			name = Debug;
		};
		D46CBEA71F4502000029DA9A /* Release */ = {
			isa = XCBuildConfiguration;
			buildSettings = {
				ALWAYS_EMBED_SWIFT_STANDARD_LIBRARIES = YES;
				INFOPLIST_FILE = DinamicsUITests/Info.plist;
				LD_RUNPATH_SEARCH_PATHS = "$(inherited) @executable_path/Frameworks @loader_path/Frameworks";
				PRODUCT_BUNDLE_IDENTIFIER = Caliente.DinamicsUITests;
				PRODUCT_NAME = "$(TARGET_NAME)";
				SWIFT_VERSION = 3.0;
				TEST_TARGET_NAME = Dinamics;
			};
			name = Release;
		};
/* End XCBuildConfiguration section */

/* Begin XCConfigurationList section */
		D46CBE721F4502000029DA9A /* Build configuration list for PBXProject "Dinamics" */ = {
			isa = XCConfigurationList;
			buildConfigurations = (
				D46CBE9D1F4502000029DA9A /* Debug */,
				D46CBE9E1F4502000029DA9A /* Release */,
			);
			defaultConfigurationIsVisible = 0;
			defaultConfigurationName = Release;
		};
		D46CBE9F1F4502000029DA9A /* Build configuration list for PBXNativeTarget "Dinamics" */ = {
			isa = XCConfigurationList;
			buildConfigurations = (
				D46CBEA01F4502000029DA9A /* Debug */,
				D46CBEA11F4502000029DA9A /* Release */,
			);
			defaultConfigurationIsVisible = 0;
		};
		D46CBEA21F4502000029DA9A /* Build configuration list for PBXNativeTarget "DinamicsTests" */ = {
			isa = XCConfigurationList;
			buildConfigurations = (
				D46CBEA31F4502000029DA9A /* Debug */,
				D46CBEA41F4502000029DA9A /* Release */,
			);
			defaultConfigurationIsVisible = 0;
		};
		D46CBEA51F4502000029DA9A /* Build configuration list for PBXNativeTarget "DinamicsUITests" */ = {
			isa = XCConfigurationList;
			buildConfigurations = (
				D46CBEA61F4502000029DA9A /* Debug */,
				D46CBEA71F4502000029DA9A /* Release */,
			);
			defaultConfigurationIsVisible = 0;
		};
/* End XCConfigurationList section */
	};
	rootObject = D46CBE6F1F4502000029DA9A /* Project object */;
}
